// !$*UTF8*$!
{
	archiveVersion = 1;
	classes = {
	};
	objectVersion = 46;
	objects = {

/* Begin PBXBuildFile section */
		9DEC130F1E619F6900E52861 /* HHObserver.m in Sources */ = {isa = PBXBuildFile; fileRef = 9DEC130E1E619F6900E52861 /* HHObserver.m */; };
		9DEC13151E61C1C500E52861 /* NSArray+SafeArray.m in Sources */ = {isa = PBXBuildFile; fileRef = 9DEC13141E61C1C500E52861 /* NSArray+SafeArray.m */; };
		9DEC13191E61C20D00E52861 /* SecondViewController.m in Sources */ = {isa = PBXBuildFile; fileRef = 9DEC13171E61C20D00E52861 /* SecondViewController.m */; };
		9DEC131A1E61C20D00E52861 /* SecondViewController.xib in Resources */ = {isa = PBXBuildFile; fileRef = 9DEC13181E61C20D00E52861 /* SecondViewController.xib */; };
		9DEC131D1E61C22400E52861 /* Person.m in Sources */ = {isa = PBXBuildFile; fileRef = 9DEC131C1E61C22400E52861 /* Person.m */; };
		9DEC13201E61C3C100E52861 /* UIViewController+LogWhenDealloc.m in Sources */ = {isa = PBXBuildFile; fileRef = 9DEC131F1E61C3C100E52861 /* UIViewController+LogWhenDealloc.m */; };
		9DEC13231E61C3E400E52861 /* NSNull+SafeJson.m in Sources */ = {isa = PBXBuildFile; fileRef = 9DEC13221E61C3E400E52861 /* NSNull+SafeJson.m */; };
		9DFCDDDA1E61811B00D550B4 /* main.m in Sources */ = {isa = PBXBuildFile; fileRef = 9DFCDDD91E61811B00D550B4 /* main.m */; };
		9DFCDDDD1E61811B00D550B4 /* AppDelegate.m in Sources */ = {isa = PBXBuildFile; fileRef = 9DFCDDDC1E61811B00D550B4 /* AppDelegate.m */; };
		9DFCDDE01E61811B00D550B4 /* ViewController.m in Sources */ = {isa = PBXBuildFile; fileRef = 9DFCDDDF1E61811B00D550B4 /* ViewController.m */; };
		9DFCDDE31E61811B00D550B4 /* Main.storyboard in Resources */ = {isa = PBXBuildFile; fileRef = 9DFCDDE11E61811B00D550B4 /* Main.storyboard */; };
		9DFCDDE51E61811B00D550B4 /* Assets.xcassets in Resources */ = {isa = PBXBuildFile; fileRef = 9DFCDDE41E61811B00D550B4 /* Assets.xcassets */; };
		9DFCDDE81E61811B00D550B4 /* LaunchScreen.storyboard in Resources */ = {isa = PBXBuildFile; fileRef = 9DFCDDE61E61811B00D550B4 /* LaunchScreen.storyboard */; };
		9DFCDDF21E61813500D550B4 /* HHArray.m in Sources */ = {isa = PBXBuildFile; fileRef = 9DFCDDF11E61813500D550B4 /* HHArray.m */; };
		9DFCDDF81E6182BD00D550B4 /* HHNotifier.m in Sources */ = {isa = PBXBuildFile; fileRef = 9DFCDDF71E6182BD00D550B4 /* HHNotifier.m */; };
		9DFCDDFB1E6183C400D550B4 /* SomeObject.m in Sources */ = {isa = PBXBuildFile; fileRef = 9DFCDDFA1E6183C400D550B4 /* SomeObject.m */; };
/* End PBXBuildFile section */

/* Begin PBXFileReference section */
		9DEC130D1E619F6900E52861 /* HHObserver.h */ = {isa = PBXFileReference; fileEncoding = 4; lastKnownFileType = sourcecode.c.h; path = HHObserver.h; sourceTree = "<group>"; };
		9DEC130E1E619F6900E52861 /* HHObserver.m */ = {isa = PBXFileReference; fileEncoding = 4; lastKnownFileType = sourcecode.c.objc; path = HHObserver.m; sourceTree = "<group>"; };
		9DEC13131E61C1C500E52861 /* NSArray+SafeArray.h */ = {isa = PBXFileReference; fileEncoding = 4; lastKnownFileType = sourcecode.c.h; path = "NSArray+SafeArray.h"; sourceTree = "<group>"; };
		9DEC13141E61C1C500E52861 /* NSArray+SafeArray.m */ = {isa = PBXFileReference; fileEncoding = 4; lastKnownFileType = sourcecode.c.objc; path = "NSArray+SafeArray.m"; sourceTree = "<group>"; };
		9DEC13161E61C20D00E52861 /* SecondViewController.h */ = {isa = PBXFileReference; fileEncoding = 4; lastKnownFileType = sourcecode.c.h; path = SecondViewController.h; sourceTree = "<group>"; };
		9DEC13171E61C20D00E52861 /* SecondViewController.m */ = {isa = PBXFileReference; fileEncoding = 4; lastKnownFileType = sourcecode.c.objc; path = SecondViewController.m; sourceTree = "<group>"; };
		9DEC13181E61C20D00E52861 /* SecondViewController.xib */ = {isa = PBXFileReference; fileEncoding = 4; lastKnownFileType = file.xib; path = SecondViewController.xib; sourceTree = "<group>"; };
		9DEC131B1E61C22400E52861 /* Person.h */ = {isa = PBXFileReference; fileEncoding = 4; lastKnownFileType = sourcecode.c.h; path = Person.h; sourceTree = "<group>"; };
		9DEC131C1E61C22400E52861 /* Person.m */ = {isa = PBXFileReference; fileEncoding = 4; lastKnownFileType = sourcecode.c.objc; path = Person.m; sourceTree = "<group>"; };
		9DEC131E1E61C3C100E52861 /* UIViewController+LogWhenDealloc.h */ = {isa = PBXFileReference; fileEncoding = 4; lastKnownFileType = sourcecode.c.h; path = "UIViewController+LogWhenDealloc.h"; sourceTree = "<group>"; };
		9DEC131F1E61C3C100E52861 /* UIViewController+LogWhenDealloc.m */ = {isa = PBXFileReference; fileEncoding = 4; lastKnownFileType = sourcecode.c.objc; path = "UIViewController+LogWhenDealloc.m"; sourceTree = "<group>"; };
		9DEC13211E61C3E400E52861 /* NSNull+SafeJson.h */ = {isa = PBXFileReference; fileEncoding = 4; lastKnownFileType = sourcecode.c.h; path = "NSNull+SafeJson.h"; sourceTree = "<group>"; };
		9DEC13221E61C3E400E52861 /* NSNull+SafeJson.m */ = {isa = PBXFileReference; fileEncoding = 4; lastKnownFileType = sourcecode.c.objc; path = "NSNull+SafeJson.m"; sourceTree = "<group>"; };
		9DFCDDD51E61811B00D550B4 /* TTRuntime.app */ = {isa = PBXFileReference; explicitFileType = wrapper.application; includeInIndex = 0; path = TTRuntime.app; sourceTree = BUILT_PRODUCTS_DIR; };
		9DFCDDD91E61811B00D550B4 /* main.m */ = {isa = PBXFileReference; lastKnownFileType = sourcecode.c.objc; path = main.m; sourceTree = "<group>"; };
		9DFCDDDB1E61811B00D550B4 /* AppDelegate.h */ = {isa = PBXFileReference; lastKnownFileType = sourcecode.c.h; path = AppDelegate.h; sourceTree = "<group>"; };
		9DFCDDDC1E61811B00D550B4 /* AppDelegate.m */ = {isa = PBXFileReference; lastKnownFileType = sourcecode.c.objc; path = AppDelegate.m; sourceTree = "<group>"; };
		9DFCDDDE1E61811B00D550B4 /* ViewController.h */ = {isa = PBXFileReference; lastKnownFileType = sourcecode.c.h; path = ViewController.h; sourceTree = "<group>"; };
		9DFCDDDF1E61811B00D550B4 /* ViewController.m */ = {isa = PBXFileReference; lastKnownFileType = sourcecode.c.objc; path = ViewController.m; sourceTree = "<group>"; };
		9DFCDDE21E61811B00D550B4 /* Base */ = {isa = PBXFileReference; lastKnownFileType = file.storyboard; name = Base; path = Base.lproj/Main.storyboard; sourceTree = "<group>"; };
		9DFCDDE41E61811B00D550B4 /* Assets.xcassets */ = {isa = PBXFileReference; lastKnownFileType = folder.assetcatalog; path = Assets.xcassets; sourceTree = "<group>"; };
		9DFCDDE71E61811B00D550B4 /* Base */ = {isa = PBXFileReference; lastKnownFileType = file.storyboard; name = Base; path = Base.lproj/LaunchScreen.storyboard; sourceTree = "<group>"; };
		9DFCDDE91E61811B00D550B4 /* Info.plist */ = {isa = PBXFileReference; lastKnownFileType = text.plist.xml; path = Info.plist; sourceTree = "<group>"; };
		9DFCDDF01E61813500D550B4 /* HHArray.h */ = {isa = PBXFileReference; fileEncoding = 4; lastKnownFileType = sourcecode.c.h; path = HHArray.h; sourceTree = "<group>"; };
		9DFCDDF11E61813500D550B4 /* HHArray.m */ = {isa = PBXFileReference; fileEncoding = 4; lastKnownFileType = sourcecode.c.objc; path = HHArray.m; sourceTree = "<group>"; };
		9DFCDDF61E6182BD00D550B4 /* HHNotifier.h */ = {isa = PBXFileReference; fileEncoding = 4; lastKnownFileType = sourcecode.c.h; path = HHNotifier.h; sourceTree = "<group>"; };
		9DFCDDF71E6182BD00D550B4 /* HHNotifier.m */ = {isa = PBXFileReference; fileEncoding = 4; lastKnownFileType = sourcecode.c.objc; path = HHNotifier.m; sourceTree = "<group>"; };
		9DFCDDF91E6183C400D550B4 /* SomeObject.h */ = {isa = PBXFileReference; fileEncoding = 4; lastKnownFileType = sourcecode.c.h; path = SomeObject.h; sourceTree = "<group>"; };
		9DFCDDFA1E6183C400D550B4 /* SomeObject.m */ = {isa = PBXFileReference; fileEncoding = 4; lastKnownFileType = sourcecode.c.objc; path = SomeObject.m; sourceTree = "<group>"; };
/* End PBXFileReference section */

/* Begin PBXFrameworksBuildPhase section */
		9DFCDDD21E61811B00D550B4 /* Frameworks */ = {
			isa = PBXFrameworksBuildPhase;
			buildActionMask = 2147483647;
			files = (
			);
			runOnlyForDeploymentPostprocessing = 0;
		};
/* End PBXFrameworksBuildPhase section */

/* Begin PBXGroup section */
		9DFCDDCC1E61811A00D550B4 = {
			isa = PBXGroup;
			children = (
				9DFCDDD71E61811B00D550B4 /* TTRuntime */,
				9DFCDDD61E61811B00D550B4 /* Products */,
			);
			sourceTree = "<group>";
		};
		9DFCDDD61E61811B00D550B4 /* Products */ = {
			isa = PBXGroup;
			children = (
				9DFCDDD51E61811B00D550B4 /* TTRuntime.app */,
			);
			name = Products;
			sourceTree = "<group>";
		};
		9DFCDDD71E61811B00D550B4 /* TTRuntime */ = {
			isa = PBXGroup;
			children = (
				9DFCDDF31E61827A00D550B4 /* Null */,
				9DFCDDF41E61828500D550B4 /* Hook */,
				9DFCDDEF1E61812700D550B4 /* HHArray */,
				9DFCDDF51E61829000D550B4 /* HHNotifier */,
				9DFCDDDE1E61811B00D550B4 /* ViewController.h */,
				9DFCDDDF1E61811B00D550B4 /* ViewController.m */,
				9DFCDDD81E61811B00D550B4 /* Supporting Files */,
			);
			path = TTRuntime;
			sourceTree = "<group>";
		};
		9DFCDDD81E61811B00D550B4 /* Supporting Files */ = {
			isa = PBXGroup;
			children = (
				9DFCDDDB1E61811B00D550B4 /* AppDelegate.h */,
				9DFCDDDC1E61811B00D550B4 /* AppDelegate.m */,
				9DFCDDE11E61811B00D550B4 /* Main.storyboard */,
				9DFCDDE41E61811B00D550B4 /* Assets.xcassets */,
				9DFCDDE61E61811B00D550B4 /* LaunchScreen.storyboard */,
				9DFCDDE91E61811B00D550B4 /* Info.plist */,
				9DFCDDD91E61811B00D550B4 /* main.m */,
			);
			name = "Supporting Files";
			sourceTree = "<group>";
		};
		9DFCDDEF1E61812700D550B4 /* HHArray */ = {
			isa = PBXGroup;
			children = (
				9DFCDDF01E61813500D550B4 /* HHArray.h */,
				9DFCDDF11E61813500D550B4 /* HHArray.m */,
				9DEC13131E61C1C500E52861 /* NSArray+SafeArray.h */,
				9DEC13141E61C1C500E52861 /* NSArray+SafeArray.m */,
				9DEC131E1E61C3C100E52861 /* UIViewController+LogWhenDealloc.h */,
				9DEC131F1E61C3C100E52861 /* UIViewController+LogWhenDealloc.m */,
			);
			name = HHArray;
			sourceTree = "<group>";
		};
		9DFCDDF31E61827A00D550B4 /* Null */ = {
			isa = PBXGroup;
			children = (
				9DEC13211E61C3E400E52861 /* NSNull+SafeJson.h */,
				9DEC13221E61C3E400E52861 /* NSNull+SafeJson.m */,
			);
			name = Null;
			sourceTree = "<group>";
		};
		9DFCDDF41E61828500D550B4 /* Hook */ = {
			isa = PBXGroup;
			children = (
				9DEC130D1E619F6900E52861 /* HHObserver.h */,
				9DEC130E1E619F6900E52861 /* HHObserver.m */,
				9DEC13161E61C20D00E52861 /* SecondViewController.h */,
				9DEC13171E61C20D00E52861 /* SecondViewController.m */,
				9DEC13181E61C20D00E52861 /* SecondViewController.xib */,
				9DEC131B1E61C22400E52861 /* Person.h */,
				9DEC131C1E61C22400E52861 /* Person.m */,
			);
			name = Hook;
			sourceTree = "<group>";
		};
		9DFCDDF51E61829000D550B4 /* HHNotifier */ = {
			isa = PBXGroup;
			children = (
				9DFCDDF61E6182BD00D550B4 /* HHNotifier.h */,
				9DFCDDF71E6182BD00D550B4 /* HHNotifier.m */,
				9DFCDDF91E6183C400D550B4 /* SomeObject.h */,
				9DFCDDFA1E6183C400D550B4 /* SomeObject.m */,
			);
			name = HHNotifier;
			sourceTree = "<group>";
		};
/* End PBXGroup section */

/* Begin PBXNativeTarget section */
		9DFCDDD41E61811B00D550B4 /* TTRuntime */ = {
			isa = PBXNativeTarget;
			buildConfigurationList = 9DFCDDEC1E61811B00D550B4 /* Build configuration list for PBXNativeTarget "TTRuntime" */;
			buildPhases = (
				9DFCDDD11E61811B00D550B4 /* Sources */,
				9DFCDDD21E61811B00D550B4 /* Frameworks */,
				9DFCDDD31E61811B00D550B4 /* Resources */,
			);
			buildRules = (
			);
			dependencies = (
			);
			name = TTRuntime;
			productName = TTRuntime;
			productReference = 9DFCDDD51E61811B00D550B4 /* TTRuntime.app */;
			productType = "com.apple.product-type.application";
		};
/* End PBXNativeTarget section */

/* Begin PBXProject section */
		9DFCDDCD1E61811A00D550B4 /* Project object */ = {
			isa = PBXProject;
			attributes = {
				LastUpgradeCheck = 0820;
				ORGANIZATIONNAME = "黑花白花";
				TargetAttributes = {
					9DFCDDD41E61811B00D550B4 = {
						CreatedOnToolsVersion = 8.2.1;
						DevelopmentTeam = CMT7G783YL;
						ProvisioningStyle = Automatic;
					};
				};
			};
			buildConfigurationList = 9DFCDDD01E61811A00D550B4 /* Build configuration list for PBXProject "TTRuntime" */;
			compatibilityVersion = "Xcode 3.2";
			developmentRegion = English;
			hasScannedForEncodings = 0;
			knownRegions = (
				en,
				Base,
			);
			mainGroup = 9DFCDDCC1E61811A00D550B4;
			productRefGroup = 9DFCDDD61E61811B00D550B4 /* Products */;
			projectDirPath = "";
			projectRoot = "";
			targets = (
				9DFCDDD41E61811B00D550B4 /* TTRuntime */,
			);
		};
/* End PBXProject section */

/* Begin PBXResourcesBuildPhase section */
		9DFCDDD31E61811B00D550B4 /* Resources */ = {
			isa = PBXResourcesBuildPhase;
			buildActionMask = 2147483647;
			files = (
				9DEC131A1E61C20D00E52861 /* SecondViewController.xib in Resources */,
				9DFCDDE81E61811B00D550B4 /* LaunchScreen.storyboard in Resources */,
				9DFCDDE51E61811B00D550B4 /* Assets.xcassets in Resources */,
				9DFCDDE31E61811B00D550B4 /* Main.storyboard in Resources */,
			);
			runOnlyForDeploymentPostprocessing = 0;
		};
/* End PBXResourcesBuildPhase section */

/* Begin PBXSourcesBuildPhase section */
		9DFCDDD11E61811B00D550B4 /* Sources */ = {
			isa = PBXSourcesBuildPhase;
			buildActionMask = 2147483647;
			files = (
				9DEC13191E61C20D00E52861 /* SecondViewController.m in Sources */,
				9DFCDDE01E61811B00D550B4 /* ViewController.m in Sources */,
				9DEC131D1E61C22400E52861 /* Person.m in Sources */,
				9DEC13151E61C1C500E52861 /* NSArray+SafeArray.m in Sources */,
				9DFCDDDD1E61811B00D550B4 /* AppDelegate.m in Sources */,
				9DFCDDFB1E6183C400D550B4 /* SomeObject.m in Sources */,
				9DFCDDDA1E61811B00D550B4 /* main.m in Sources */,
				9DEC13201E61C3C100E52861 /* UIViewController+LogWhenDealloc.m in Sources */,
				9DFCDDF81E6182BD00D550B4 /* HHNotifier.m in Sources */,
				9DFCDDF21E61813500D550B4 /* HHArray.m in Sources */,
				9DEC13231E61C3E400E52861 /* NSNull+SafeJson.m in Sources */,
				9DEC130F1E619F6900E52861 /* HHObserver.m in Sources */,
			);
			runOnlyForDeploymentPostprocessing = 0;
		};
/* End PBXSourcesBuildPhase section */

/* Begin PBXVariantGroup section */
		9DFCDDE11E61811B00D550B4 /* Main.storyboard */ = {
			isa = PBXVariantGroup;
			children = (
				9DFCDDE21E61811B00D550B4 /* Base */,
			);
			name = Main.storyboard;
			sourceTree = "<group>";
		};
		9DFCDDE61E61811B00D550B4 /* LaunchScreen.storyboard */ = {
			isa = PBXVariantGroup;
			children = (
				9DFCDDE71E61811B00D550B4 /* Base */,
			);
			name = LaunchScreen.storyboard;
			sourceTree = "<group>";
		};
/* End PBXVariantGroup section */

/* Begin XCBuildConfiguration section */
		9DFCDDEA1E61811B00D550B4 /* Debug */ = {
			isa = XCBuildConfiguration;
			buildSettings = {
				ALWAYS_SEARCH_USER_PATHS = NO;
				CLANG_ANALYZER_NONNULL = YES;
				CLANG_CXX_LANGUAGE_STANDARD = "gnu++0x";
				CLANG_CXX_LIBRARY = "libc++";
				CLANG_ENABLE_MODULES = YES;
				CLANG_ENABLE_OBJC_ARC = YES;
				CLANG_WARN_BOOL_CONVERSION = YES;
				CLANG_WARN_CONSTANT_CONVERSION = YES;
				CLANG_WARN_DIRECT_OBJC_ISA_USAGE = YES_ERROR;
				CLANG_WARN_DOCUMENTATION_COMMENTS = YES;
				CLANG_WARN_EMPTY_BODY = YES;
				CLANG_WARN_ENUM_CONVERSION = YES;
				CLANG_WARN_INFINITE_RECURSION = YES;
				CLANG_WARN_INT_CONVERSION = YES;
				CLANG_WARN_OBJC_ROOT_CLASS = YES_ERROR;
				CLANG_WARN_SUSPICIOUS_MOVE = YES;
				CLANG_WARN_UNREACHABLE_CODE = YES;
				CLANG_WARN__DUPLICATE_METHOD_MATCH = YES;
				"CODE_SIGN_IDENTITY[sdk=iphoneos*]" = "iPhone Developer";
				COPY_PHASE_STRIP = NO;
				DEBUG_INFORMATION_FORMAT = dwarf;
				ENABLE_STRICT_OBJC_MSGSEND = YES;
				ENABLE_TESTABILITY = YES;
				GCC_C_LANGUAGE_STANDARD = gnu99;
				GCC_DYNAMIC_NO_PIC = NO;
				GCC_NO_COMMON_BLOCKS = YES;
				GCC_OPTIMIZATION_LEVEL = 0;
				GCC_PREPROCESSOR_DEFINITIONS = (
					"DEBUG=1",
					"$(inherited)",
				);
				GCC_WARN_64_TO_32_BIT_CONVERSION = YES;
				GCC_WARN_ABOUT_RETURN_TYPE = YES_ERROR;
				GCC_WARN_UNDECLARED_SELECTOR = YES;
				GCC_WARN_UNINITIALIZED_AUTOS = YES_AGGRESSIVE;
				GCC_WARN_UNUSED_FUNCTION = YES;
				GCC_WARN_UNUSED_VARIABLE = YES;
				IPHONEOS_DEPLOYMENT_TARGET = 10.2;
				MTL_ENABLE_DEBUG_INFO = YES;
				ONLY_ACTIVE_ARCH = YES;
				SDKROOT = iphoneos;
			};
			name = Debug;
		};
		9DFCDDEB1E61811B00D550B4 /* Release */ = {
			isa = XCBuildConfiguration;
			buildSettings = {
				ALWAYS_SEARCH_USER_PATHS = NO;
				CLANG_ANALYZER_NONNULL = YES;
				CLANG_CXX_LANGUAGE_STANDARD = "gnu++0x";
				CLANG_CXX_LIBRARY = "libc++";
				CLANG_ENABLE_MODULES = YES;
				CLANG_ENABLE_OBJC_ARC = YES;
				CLANG_WARN_BOOL_CONVERSION = YES;
				CLANG_WARN_CONSTANT_CONVERSION = YES;
				CLANG_WARN_DIRECT_OBJC_ISA_USAGE = YES_ERROR;
				CLANG_WARN_DOCUMENTATION_COMMENTS = YES;
				CLANG_WARN_EMPTY_BODY = YES;
				CLANG_WARN_ENUM_CONVERSION = YES;
				CLANG_WARN_INFINITE_RECURSION = YES;
				CLANG_WARN_INT_CONVERSION = YES;
				CLANG_WARN_OBJC_ROOT_CLASS = YES_ERROR;
				CLANG_WARN_SUSPICIOUS_MOVE = YES;
				CLANG_WARN_UNREACHABLE_CODE = YES;
				CLANG_WARN__DUPLICATE_METHOD_MATCH = YES;
				"CODE_SIGN_IDENTITY[sdk=iphoneos*]" = "iPhone Developer";
				COPY_PHASE_STRIP = NO;
				DEBUG_INFORMATION_FORMAT = "dwarf-with-dsym";
				ENABLE_NS_ASSERTIONS = NO;
				ENABLE_STRICT_OBJC_MSGSEND = YES;
				GCC_C_LANGUAGE_STANDARD = gnu99;
				GCC_NO_COMMON_BLOCKS = YES;
				GCC_WARN_64_TO_32_BIT_CONVERSION = YES;
				GCC_WARN_ABOUT_RETURN_TYPE = YES_ERROR;
				GCC_WARN_UNDECLARED_SELECTOR = YES;
				GCC_WARN_UNINITIALIZED_AUTOS = YES_AGGRESSIVE;
				GCC_WARN_UNUSED_FUNCTION = YES;
				GCC_WARN_UNUSED_VARIABLE = YES;
				IPHONEOS_DEPLOYMENT_TARGET = 10.2;
				MTL_ENABLE_DEBUG_INFO = NO;
				SDKROOT = iphoneos;
				VALIDATE_PRODUCT = YES;
			};
			name = Release;
		};
		9DFCDDED1E61811B00D550B4 /* Debug */ = {
			isa = XCBuildConfiguration;
			buildSettings = {
				ASSETCATALOG_COMPILER_APPICON_NAME = AppIcon;
				DEVELOPMENT_TEAM = CMT7G783YL;
				INFOPLIST_FILE = TTRuntime/Info.plist;
				LD_RUNPATH_SEARCH_PATHS = "$(inherited) @executable_path/Frameworks";
				PRODUCT_BUNDLE_IDENTIFIER = com.HeiHuaBaiHua.TRuntime;
				PRODUCT_NAME = "$(TARGET_NAME)";
			};
			name = Debug;
		};
		9DFCDDEE1E61811B00D550B4 /* Release */ = {
			isa = XCBuildConfiguration;
			buildSettings = {
				ASSETCATALOG_COMPILER_APPICON_NAME = AppIcon;
				DEVELOPMENT_TEAM = CMT7G783YL;
				INFOPLIST_FILE = TTRuntime/Info.plist;
				LD_RUNPATH_SEARCH_PATHS = "$(inherited) @executable_path/Frameworks";
				PRODUCT_BUNDLE_IDENTIFIER = com.HeiHuaBaiHua.TRuntime;
				PRODUCT_NAME = "$(TARGET_NAME)";
			};
			name = Release;
		};
/* End XCBuildConfiguration section */

/* Begin XCConfigurationList section */
		9DFCDDD01E61811A00D550B4 /* Build configuration list for PBXProject "TTRuntime" */ = {
			isa = XCConfigurationList;
			buildConfigurations = (
				9DFCDDEA1E61811B00D550B4 /* Debug */,
				9DFCDDEB1E61811B00D550B4 /* Release */,
			);
			defaultConfigurationIsVisible = 0;
			defaultConfigurationName = Release;
		};
		9DFCDDEC1E61811B00D550B4 /* Build configuration list for PBXNativeTarget "TTRuntime" */ = {
			isa = XCConfigurationList;
			buildConfigurations = (
				9DFCDDED1E61811B00D550B4 /* Debug */,
				9DFCDDEE1E61811B00D550B4 /* Release */,
			);
			defaultConfigurationIsVisible = 0;
			defaultConfigurationName = Release;
		};
/* End XCConfigurationList section */
	};
	rootObject = 9DFCDDCD1E61811A00D550B4 /* Project object */;
}
